// !$*UTF8*$!
{
	archiveVersion = 1;
	classes = {
	};
	objectVersion = 52;
	objects = {

/* Begin PBXBuildFile section */
		A607711325E9A244008A2B9E /* DataSources.swift in Sources */ = {isa = PBXBuildFile; fileRef = A607711225E9A244008A2B9E /* DataSources.swift */; };
		A607711625E9B06F008A2B9E /* Model.swift in Sources */ = {isa = PBXBuildFile; fileRef = A607711525E9B06F008A2B9E /* Model.swift */; };
		A62A4AB225EC076400221968 /* GlobalState.swift in Sources */ = {isa = PBXBuildFile; fileRef = A62A4AB125EC076400221968 /* GlobalState.swift */; };
		A65BFA7A25E91C75005B5DCA /* AudioBookSampleApp.swift in Sources */ = {isa = PBXBuildFile; fileRef = A65BFA7925E91C75005B5DCA /* AudioBookSampleApp.swift */; };
		A65BFA7C25E91C75005B5DCA /* ContentView.swift in Sources */ = {isa = PBXBuildFile; fileRef = A65BFA7B25E91C75005B5DCA /* ContentView.swift */; };
		A65BFA7E25E91C76005B5DCA /* Assets.xcassets in Resources */ = {isa = PBXBuildFile; fileRef = A65BFA7D25E91C76005B5DCA /* Assets.xcassets */; };
		A65BFA8125E91C76005B5DCA /* Preview Assets.xcassets in Resources */ = {isa = PBXBuildFile; fileRef = A65BFA8025E91C76005B5DCA /* Preview Assets.xcassets */; };
		A6B1EE2425EA7E2E00D5F0AB /* SwiftUIX in Frameworks */ = {isa = PBXBuildFile; productRef = A6B1EE2325EA7E2E00D5F0AB /* SwiftUIX */; };
		A6E7435D25EA74FF009BCD5A /* DetailView.swift in Sources */ = {isa = PBXBuildFile; fileRef = A6E7435C25EA74FF009BCD5A /* DetailView.swift */; };
/* End PBXBuildFile section */

/* Begin PBXFileReference section */
		A607711225E9A244008A2B9E /* DataSources.swift */ = {isa = PBXFileReference; lastKnownFileType = sourcecode.swift; path = DataSources.swift; sourceTree = "<group>"; };
		A607711525E9B06F008A2B9E /* Model.swift */ = {isa = PBXFileReference; lastKnownFileType = sourcecode.swift; path = Model.swift; sourceTree = "<group>"; };
		A62A4AB125EC076400221968 /* GlobalState.swift */ = {isa = PBXFileReference; lastKnownFileType = sourcecode.swift; path = GlobalState.swift; sourceTree = "<group>"; };
		A65BFA7625E91C75005B5DCA /* AudioBookSample.app */ = {isa = PBXFileReference; explicitFileType = wrapper.application; includeInIndex = 0; path = AudioBookSample.app; sourceTree = BUILT_PRODUCTS_DIR; };
		A65BFA7925E91C75005B5DCA /* AudioBookSampleApp.swift */ = {isa = PBXFileReference; lastKnownFileType = sourcecode.swift; path = AudioBookSampleApp.swift; sourceTree = "<group>"; };
		A65BFA7B25E91C75005B5DCA /* ContentView.swift */ = {isa = PBXFileReference; lastKnownFileType = sourcecode.swift; path = ContentView.swift; sourceTree = "<group>"; };
		A65BFA7D25E91C76005B5DCA /* Assets.xcassets */ = {isa = PBXFileReference; lastKnownFileType = folder.assetcatalog; path = Assets.xcassets; sourceTree = "<group>"; };
		A65BFA8025E91C76005B5DCA /* Preview Assets.xcassets */ = {isa = PBXFileReference; lastKnownFileType = folder.assetcatalog; path = "Preview Assets.xcassets"; sourceTree = "<group>"; };
		A65BFA8225E91C76005B5DCA /* Info.plist */ = {isa = PBXFileReference; lastKnownFileType = text.plist.xml; path = Info.plist; sourceTree = "<group>"; };
		A6E7435C25EA74FF009BCD5A /* DetailView.swift */ = {isa = PBXFileReference; lastKnownFileType = sourcecode.swift; path = DetailView.swift; sourceTree = "<group>"; };
/* End PBXFileReference section */

/* Begin PBXFrameworksBuildPhase section */
		A65BFA7325E91C75005B5DCA /* Frameworks */ = {
			isa = PBXFrameworksBuildPhase;
			buildActionMask = 2147483647;
			files = (
				A6B1EE2425EA7E2E00D5F0AB /* SwiftUIX in Frameworks */,
			);
			runOnlyForDeploymentPostprocessing = 0;
		};
/* End PBXFrameworksBuildPhase section */

/* Begin PBXGroup section */
		A65BFA6D25E91C75005B5DCA = {
			isa = PBXGroup;
			children = (
				A65BFA7825E91C75005B5DCA /* AudioBookSample */,
				A65BFA7725E91C75005B5DCA /* Products */,
			);
			sourceTree = "<group>";
		};
		A65BFA7725E91C75005B5DCA /* Products */ = {
			isa = PBXGroup;
			children = (
				A65BFA7625E91C75005B5DCA /* AudioBookSample.app */,
			);
			name = Products;
			sourceTree = "<group>";
		};
		A65BFA7825E91C75005B5DCA /* AudioBookSample */ = {
			isa = PBXGroup;
			children = (
				A65BFA7925E91C75005B5DCA /* AudioBookSampleApp.swift */,
				A65BFA7B25E91C75005B5DCA /* ContentView.swift */,
				A65BFA7D25E91C76005B5DCA /* Assets.xcassets */,
				A65BFA8225E91C76005B5DCA /* Info.plist */,
				A65BFA7F25E91C76005B5DCA /* Preview Content */,
				A607711225E9A244008A2B9E /* DataSources.swift */,
				A607711525E9B06F008A2B9E /* Model.swift */,
				A6E7435C25EA74FF009BCD5A /* DetailView.swift */,
				A62A4AB125EC076400221968 /* GlobalState.swift */,
			);
			path = AudioBookSample;
			sourceTree = "<group>";
		};
		A65BFA7F25E91C76005B5DCA /* Preview Content */ = {
			isa = PBXGroup;
			children = (
				A65BFA8025E91C76005B5DCA /* Preview Assets.xcassets */,
			);
			path = "Preview Content";
			sourceTree = "<group>";
		};
/* End PBXGroup section */

/* Begin PBXNativeTarget section */
		A65BFA7525E91C75005B5DCA /* AudioBookSample */ = {
			isa = PBXNativeTarget;
			buildConfigurationList = A65BFA8525E91C76005B5DCA /* Build configuration list for PBXNativeTarget "AudioBookSample" */;
			buildPhases = (
				A65BFA7225E91C75005B5DCA /* Sources */,
				A65BFA7325E91C75005B5DCA /* Frameworks */,
				A65BFA7425E91C75005B5DCA /* Resources */,
			);
			buildRules = (
			);
			dependencies = (
			);
			name = AudioBookSample;
			packageProductDependencies = (
				A6B1EE2325EA7E2E00D5F0AB /* SwiftUIX */,
			);
			productName = AudioBookSample;
			productReference = A65BFA7625E91C75005B5DCA /* AudioBookSample.app */;
			productType = "com.apple.product-type.application";
		};
/* End PBXNativeTarget section */

/* Begin PBXProject section */
		A65BFA6E25E91C75005B5DCA /* Project object */ = {
			isa = PBXProject;
			attributes = {
				LastSwiftUpdateCheck = 1240;
				LastUpgradeCheck = 1240;
				TargetAttributes = {
					A65BFA7525E91C75005B5DCA = {
						CreatedOnToolsVersion = 12.4;
					};
				};
			};
			buildConfigurationList = A65BFA7125E91C75005B5DCA /* Build configuration list for PBXProject "AudioBookSample" */;
			compatibilityVersion = "Xcode 9.3";
			developmentRegion = en;
			hasScannedForEncodings = 0;
			knownRegions = (
				en,
				Base,
			);
			mainGroup = A65BFA6D25E91C75005B5DCA;
			packageReferences = (
				A6B1EE2225EA7E2E00D5F0AB /* XCRemoteSwiftPackageReference "SwiftUIX" */,
			);
			productRefGroup = A65BFA7725E91C75005B5DCA /* Products */;
			projectDirPath = "";
			projectRoot = "";
			targets = (
				A65BFA7525E91C75005B5DCA /* AudioBookSample */,
			);
		};
/* End PBXProject section */

/* Begin PBXResourcesBuildPhase section */
		A65BFA7425E91C75005B5DCA /* Resources */ = {
			isa = PBXResourcesBuildPhase;
			buildActionMask = 2147483647;
			files = (
				A65BFA8125E91C76005B5DCA /* Preview Assets.xcassets in Resources */,
				A65BFA7E25E91C76005B5DCA /* Assets.xcassets in Resources */,
			);
			runOnlyForDeploymentPostprocessing = 0;
		};
/* End PBXResourcesBuildPhase section */

/* Begin PBXSourcesBuildPhase section */
		A65BFA7225E91C75005B5DCA /* Sources */ = {
			isa = PBXSourcesBuildPhase;
			buildActionMask = 2147483647;
			files = (
				A65BFA7C25E91C75005B5DCA /* ContentView.swift in Sources */,
				A607711325E9A244008A2B9E /* DataSources.swift in Sources */,
				A62A4AB225EC076400221968 /* GlobalState.swift in Sources */,
				A65BFA7A25E91C75005B5DCA /* AudioBookSampleApp.swift in Sources */,
				A6E7435D25EA74FF009BCD5A /* DetailView.swift in Sources */,
				A607711625E9B06F008A2B9E /* Model.swift in Sources */,
			);
			runOnlyForDeploymentPostprocessing = 0;
		};
/* End PBXSourcesBuildPhase section */

/* Begin XCBuildConfiguration section */
		A65BFA8325E91C76005B5DCA /* Debug */ = {
			isa = XCBuildConfiguration;
			buildSettings = {
				ALWAYS_SEARCH_USER_PATHS = NO;
				CLANG_ANALYZER_NONNULL = YES;
				CLANG_ANALYZER_NUMBER_OBJECT_CONVERSION = YES_AGGRESSIVE;
				CLANG_CXX_LANGUAGE_STANDARD = "gnu++14";
				CLANG_CXX_LIBRARY = "libc++";
				CLANG_ENABLE_MODULES = YES;
				CLANG_ENABLE_OBJC_ARC = YES;
				CLANG_ENABLE_OBJC_WEAK = YES;
				CLANG_WARN_BLOCK_CAPTURE_AUTORELEASING = YES;
				CLANG_WARN_BOOL_CONVERSION = YES;
				CLANG_WARN_COMMA = YES;
				CLANG_WARN_CONSTANT_CONVERSION = YES;
				CLANG_WARN_DEPRECATED_OBJC_IMPLEMENTATIONS = YES;
				CLANG_WARN_DIRECT_OBJC_ISA_USAGE = YES_ERROR;
				CLANG_WARN_DOCUMENTATION_COMMENTS = YES;
				CLANG_WARN_EMPTY_BODY = YES;
				CLANG_WARN_ENUM_CONVERSION = YES;
				CLANG_WARN_INFINITE_RECURSION = YES;
				CLANG_WARN_INT_CONVERSION = YES;
				CLANG_WARN_NON_LITERAL_NULL_CONVERSION = YES;
				CLANG_WARN_OBJC_IMPLICIT_RETAIN_SELF = YES;
				CLANG_WARN_OBJC_LITERAL_CONVERSION = YES;
				CLANG_WARN_OBJC_ROOT_CLASS = YES_ERROR;
				CLANG_WARN_QUOTED_INCLUDE_IN_FRAMEWORK_HEADER = YES;
				CLANG_WARN_RANGE_LOOP_ANALYSIS = YES;
				CLANG_WARN_STRICT_PROTOTYPES = YES;
				CLANG_WARN_SUSPICIOUS_MOVE = YES;
				CLANG_WARN_UNGUARDED_AVAILABILITY = YES_AGGRESSIVE;
				CLANG_WARN_UNREACHABLE_CODE = YES;
				CLANG_WARN__DUPLICATE_METHOD_MATCH = YES;
				COPY_PHASE_STRIP = NO;
				DEBUG_INFORMATION_FORMAT = dwarf;
				ENABLE_STRICT_OBJC_MSGSEND = YES;
				ENABLE_TESTABILITY = YES;
				GCC_C_LANGUAGE_STANDARD = gnu11;
				GCC_DYNAMIC_NO_PIC = NO;
				GCC_NO_COMMON_BLOCKS = YES;
				GCC_OPTIMIZATION_LEVEL = 0;
				GCC_PREPROCESSOR_DEFINITIONS = (
					"DEBUG=1",
					"$(inherited)",
				);
				GCC_WARN_64_TO_32_BIT_CONVERSION = YES;
				GCC_WARN_ABOUT_RETURN_TYPE = YES_ERROR;
				GCC_WARN_UNDECLARED_SELECTOR = YES;
				GCC_WARN_UNINITIALIZED_AUTOS = YES_AGGRESSIVE;
				GCC_WARN_UNUSED_FUNCTION = YES;
				GCC_WARN_UNUSED_VARIABLE = YES;
				IPHONEOS_DEPLOYMENT_TARGET = 14.4;
				MTL_ENABLE_DEBUG_INFO = INCLUDE_SOURCE;
				MTL_FAST_MATH = YES;
				ONLY_ACTIVE_ARCH = YES;
				SDKROOT = iphoneos;
				SWIFT_ACTIVE_COMPILATION_CONDITIONS = DEBUG;
				SWIFT_OPTIMIZATION_LEVEL = "-Onone";
			};
			name = Debug;
		};
		A65BFA8425E91C76005B5DCA /* Release */ = {
			isa = XCBuildConfiguration;
			buildSettings = {
				ALWAYS_SEARCH_USER_PATHS = NO;
				CLANG_ANALYZER_NONNULL = YES;
				CLANG_ANALYZER_NUMBER_OBJECT_CONVERSION = YES_AGGRESSIVE;
				CLANG_CXX_LANGUAGE_STANDARD = "gnu++14";
				CLANG_CXX_LIBRARY = "libc++";
				CLANG_ENABLE_MODULES = YES;
				CLANG_ENABLE_OBJC_ARC = YES;
				CLANG_ENABLE_OBJC_WEAK = YES;
				CLANG_WARN_BLOCK_CAPTURE_AUTORELEASING = YES;
				CLANG_WARN_BOOL_CONVERSION = YES;
				CLANG_WARN_COMMA = YES;
				CLANG_WARN_CONSTANT_CONVERSION = YES;
				CLANG_WARN_DEPRECATED_OBJC_IMPLEMENTATIONS = YES;
				CLANG_WARN_DIRECT_OBJC_ISA_USAGE = YES_ERROR;
				CLANG_WARN_DOCUMENTATION_COMMENTS = YES;
				CLANG_WARN_EMPTY_BODY = YES;
				CLANG_WARN_ENUM_CONVERSION = YES;
				CLANG_WARN_INFINITE_RECURSION = YES;
				CLANG_WARN_INT_CONVERSION = YES;
				CLANG_WARN_NON_LITERAL_NULL_CONVERSION = YES;
				CLANG_WARN_OBJC_IMPLICIT_RETAIN_SELF = YES;
				CLANG_WARN_OBJC_LITERAL_CONVERSION = YES;
				CLANG_WARN_OBJC_ROOT_CLASS = YES_ERROR;
				CLANG_WARN_QUOTED_INCLUDE_IN_FRAMEWORK_HEADER = YES;
				CLANG_WARN_RANGE_LOOP_ANALYSIS = YES;
				CLANG_WARN_STRICT_PROTOTYPES = YES;
				CLANG_WARN_SUSPICIOUS_MOVE = YES;
				CLANG_WARN_UNGUARDED_AVAILABILITY = YES_AGGRESSIVE;
				CLANG_WARN_UNREACHABLE_CODE = YES;
				CLANG_WARN__DUPLICATE_METHOD_MATCH = YES;
				COPY_PHASE_STRIP = NO;
				DEBUG_INFORMATION_FORMAT = "dwarf-with-dsym";
				ENABLE_NS_ASSERTIONS = NO;
				ENABLE_STRICT_OBJC_MSGSEND = YES;
				GCC_C_LANGUAGE_STANDARD = gnu11;
				GCC_NO_COMMON_BLOCKS = YES;
				GCC_WARN_64_TO_32_BIT_CONVERSION = YES;
				GCC_WARN_ABOUT_RETURN_TYPE = YES_ERROR;
				GCC_WARN_UNDECLARED_SELECTOR = YES;
				GCC_WARN_UNINITIALIZED_AUTOS = YES_AGGRESSIVE;
				GCC_WARN_UNUSED_FUNCTION = YES;
				GCC_WARN_UNUSED_VARIABLE = YES;
				IPHONEOS_DEPLOYMENT_TARGET = 14.4;
				MTL_ENABLE_DEBUG_INFO = NO;
				MTL_FAST_MATH = YES;
				SDKROOT = iphoneos;
				SWIFT_COMPILATION_MODE = wholemodule;
				SWIFT_OPTIMIZATION_LEVEL = "-O";
				VALIDATE_PRODUCT = YES;
			};
			name = Release;
		};
		A65BFA8625E91C76005B5DCA /* Debug */ = {
			isa = XCBuildConfiguration;
			buildSettings = {
				ASSETCATALOG_COMPILER_APPICON_NAME = AppIcon;
				ASSETCATALOG_COMPILER_GLOBAL_ACCENT_COLOR_NAME = AccentColor;
				CODE_SIGN_STYLE = Automatic;
				DEVELOPMENT_ASSET_PATHS = "\"AudioBookSample/Preview Content\"";
				DEVELOPMENT_TEAM = 5ZSUA7833L;
				ENABLE_PREVIEWS = YES;
				INFOPLIST_FILE = AudioBookSample/Info.plist;
				IPHONEOS_DEPLOYMENT_TARGET = 14.0;
				LD_RUNPATH_SEARCH_PATHS = (
					"$(inherited)",
					"@executable_path/Frameworks",
				);
				PRODUCT_BUNDLE_IDENTIFIER = github.luthfipun.AudioBookSample;
				PRODUCT_NAME = "$(TARGET_NAME)";
				SWIFT_VERSION = 5.0;
				TARGETED_DEVICE_FAMILY = "1,2";
			};
			name = Debug;
		};
		A65BFA8725E91C76005B5DCA /* Release */ = {
			isa = XCBuildConfiguration;
			buildSettings = {
				ASSETCATALOG_COMPILER_APPICON_NAME = AppIcon;
				ASSETCATALOG_COMPILER_GLOBAL_ACCENT_COLOR_NAME = AccentColor;
				CODE_SIGN_STYLE = Automatic;
				DEVELOPMENT_ASSET_PATHS = "\"AudioBookSample/Preview Content\"";
				DEVELOPMENT_TEAM = 5ZSUA7833L;
				ENABLE_PREVIEWS = YES;
				INFOPLIST_FILE = AudioBookSample/Info.plist;
				IPHONEOS_DEPLOYMENT_TARGET = 14.0;
				LD_RUNPATH_SEARCH_PATHS = (
					"$(inherited)",
					"@executable_path/Frameworks",
				);
				PRODUCT_BUNDLE_IDENTIFIER = github.luthfipun.AudioBookSample;
				PRODUCT_NAME = "$(TARGET_NAME)";
				SWIFT_VERSION = 5.0;
				TARGETED_DEVICE_FAMILY = "1,2";
			};
			name = Release;
		};
/* End XCBuildConfiguration section */

/* Begin XCConfigurationList section */
		A65BFA7125E91C75005B5DCA /* Build configuration list for PBXProject "AudioBookSample" */ = {
			isa = XCConfigurationList;
			buildConfigurations = (
				A65BFA8325E91C76005B5DCA /* Debug */,
				A65BFA8425E91C76005B5DCA /* Release */,
			);
			defaultConfigurationIsVisible = 0;
			defaultConfigurationName = Debug;
		};
		A65BFA8525E91C76005B5DCA /* Build configuration list for PBXNativeTarget "AudioBookSample" */ = {
			isa = XCConfigurationList;
			buildConfigurations = (
				A65BFA8625E91C76005B5DCA /* Debug */,
				A65BFA8725E91C76005B5DCA /* Release */,
			);
			defaultConfigurationIsVisible = 0;
			defaultConfigurationName = Debug;
		};
/* End XCConfigurationList section */

/* Begin XCRemoteSwiftPackageReference section */
		A6B1EE2225EA7E2E00D5F0AB /* XCRemoteSwiftPackageReference "SwiftUIX" */ = {
			isa = XCRemoteSwiftPackageReference;
			repositoryURL = "https://github.com/SwiftUIX/SwiftUIX.git";
			requirement = {
				kind = upToNextMajorVersion;
				minimumVersion = 0.0.5;
			};
		};
/* End XCRemoteSwiftPackageReference section */

/* Begin XCSwiftPackageProductDependency section */
		A6B1EE2325EA7E2E00D5F0AB /* SwiftUIX */ = {
			isa = XCSwiftPackageProductDependency;
			package = A6B1EE2225EA7E2E00D5F0AB /* XCRemoteSwiftPackageReference "SwiftUIX" */;
			productName = SwiftUIX;
		};
/* End XCSwiftPackageProductDependency section */
	};
	rootObject = A65BFA6E25E91C75005B5DCA /* Project object */;
}
